// !$*UTF8*$!
{
	archiveVersion = 1;
	classes = {
	};
	objectVersion = 100;
	objects = {

/* Begin PBXBuildFile section */
		CC0000000000000000000000 /* Citadel in Frameworks */ = {isa = PBXBuildFile; productRef = AA0000000000000000000000 /* Citadel */; };
		CC0000000000000000000001 /* NIOCore in Frameworks */ = {isa = PBXBuildFile; productRef = AA0000000000000000000001 /* NIOCore */; };
		CC0000000000000000000002 /* NIOSSH in Frameworks */ = {isa = PBXBuildFile; productRef = AA0000000000000000000002 /* NIOSSH */; };
		CC0000000000000000000004 /* NIOPosix in Frameworks */ = {isa = PBXBuildFile; productRef = AA0000000000000000000004 /* NIOPosix */; };
		CC0000000000000000000005 /* NIOPosix in Frameworks */ = {isa = PBXBuildFile; productRef = AA0000000000000000000005 /* NIOPosix */; };
		DD0000000000000000000030 /* Citadel in Frameworks */ = {isa = PBXBuildFile; productRef = DD0000000000000000000020 /* Citadel */; };
		DD0000000000000000000031 /* NIOCore in Frameworks */ = {isa = PBXBuildFile; productRef = DD0000000000000000000021 /* NIOCore */; };
		DD0000000000000000000032 /* NIOSSH in Frameworks */ = {isa = PBXBuildFile; productRef = DD0000000000000000000022 /* NIOSSH */; };
		DD0000000000000000000200 /* SFTP Pro/Connection/CitadelSFTPTransport.swift in Sources */ = {isa = PBXBuildFile; fileRef = DD0000000000000000000100 /* SFTP Pro/Connection/CitadelSFTPTransport.swift */; };
		DD0000000000000000000201 /* SFTP Pro/Connection/ConnectionError.swift in Sources */ = {isa = PBXBuildFile; fileRef = DD0000000000000000000101 /* SFTP Pro/Connection/ConnectionError.swift */; };
		DD0000000000000000000202 /* SFTP Pro/Connection/HostKeyChallenge.swift in Sources */ = {isa = PBXBuildFile; fileRef = DD0000000000000000000102 /* SFTP Pro/Connection/HostKeyChallenge.swift */; };
		DD0000000000000000000203 /* SFTP Pro/Connection/HostKeyTrustStore.swift in Sources */ = {isa = PBXBuildFile; fileRef = DD0000000000000000000103 /* SFTP Pro/Connection/HostKeyTrustStore.swift */; };
		DD0000000000000000000204 /* SFTP Pro/Connection/RemoteFileHandle.swift in Sources */ = {isa = PBXBuildFile; fileRef = DD0000000000000000000104 /* SFTP Pro/Connection/RemoteFileHandle.swift */; };
		DD0000000000000000000205 /* SFTP Pro/Connection/SFTPConnectionError.swift in Sources */ = {isa = PBXBuildFile; fileRef = DD0000000000000000000105 /* SFTP Pro/Connection/SFTPConnectionError.swift */; };
		DD0000000000000000000206 /* SFTP Pro/Connection/SFTPSession.swift in Sources */ = {isa = PBXBuildFile; fileRef = DD0000000000000000000106 /* SFTP Pro/Connection/SFTPSession.swift */; };
		DD0000000000000000000207 /* SFTP Pro/Connection/SFTPTransport.swift in Sources */ = {isa = PBXBuildFile; fileRef = DD0000000000000000000107 /* SFTP Pro/Connection/SFTPTransport.swift */; };
		DD0000000000000000000208 /* SFTP Pro/Connection/ServerKeyValidator.swift in Sources */ = {isa = PBXBuildFile; fileRef = DD0000000000000000000108 /* SFTP Pro/Connection/ServerKeyValidator.swift */; };
		DD0000000000000000000209 /* SFTP Pro/Connection/TransferDiskFile.swift in Sources */ = {isa = PBXBuildFile; fileRef = DD0000000000000000000109 /* SFTP Pro/Connection/TransferDiskFile.swift */; };
		DD000000000000000000020A /* SFTP Pro/Connection/TransferGate.swift in Sources */ = {isa = PBXBuildFile; fileRef = DD000000000000000000010A /* SFTP Pro/Connection/TransferGate.swift */; };
		DD000000000000000000020B /* SFTP Pro/Connection/TransferPipeline.swift in Sources */ = {isa = PBXBuildFile; fileRef = DD000000000000000000010B /* SFTP Pro/Connection/TransferPipeline.swift */; };
		DD000000000000000000020C /* SFTP Pro/Files/RemoteFile.swift in Sources */ = {isa = PBXBuildFile; fileRef = DD000000000000000000010C /* SFTP Pro/Files/RemoteFile.swift */; };
		DD000000000000000000020D /* SFTP Pro/Hosts/Host.swift in Sources */ = {isa = PBXBuildFile; fileRef = DD000000000000000000010D /* SFTP Pro/Hosts/Host.swift */; };
		EE0000000000000000000200 /* SFTP Pro/Hosts/HostStore.swift in Sources */ = {isa = PBXBuildFile; fileRef = EE0000000000000000000100 /* SFTP Pro/Hosts/HostStore.swift */; };
		EE0000000000000000000201 /* SFTP Pro/Hosts/KeychainHostData.swift in Sources */ = {isa = PBXBuildFile; fileRef = EE0000000000000000000101 /* SFTP Pro/Hosts/KeychainHostData.swift */; };
		EE0000000000000000000202 /* SFTP Pro/Hosts/KeychainStoreError.swift in Sources */ = {isa = PBXBuildFile; fileRef = EE0000000000000000000102 /* SFTP Pro/Hosts/KeychainStoreError.swift */; };
		EE0000000000000000000203 /* SFTP Pro/Connection/SSHNegotiationLogger.swift in Sources */ = {isa = PBXBuildFile; fileRef = EE0000000000000000000103 /* SFTP Pro/Connection/SSHNegotiationLogger.swift */; };
		EF0000000000000000000200 /* SFTP Pro/Files/FileActionsModel.swift in Sources */ = {isa = PBXBuildFile; fileRef = EF0000000000000000000100 /* SFTP Pro/Files/FileActionsModel.swift */; };
		EF0000000000000000000201 /* SFTP Pro/Files/FileActionError.swift in Sources */ = {isa = PBXBuildFile; fileRef = EF0000000000000000000101 /* SFTP Pro/Files/FileActionError.swift */; };
		EF0000000000000000000202 /* SFTP Pro/Files/FileMenuAction.swift in Sources */ = {isa = PBXBuildFile; fileRef = EF0000000000000000000102 /* SFTP Pro/Files/FileMenuAction.swift */; };
		EF0000000000000000000203 /* SFTP Pro/Files/FileContextMenuView.swift in Sources */ = {isa = PBXBuildFile; fileRef = EF0000000000000000000103 /* SFTP Pro/Files/FileContextMenuView.swift */; };
		EF0000000000000000000204 /* SFTP Pro/Files/FileMenuButtonView.swift in Sources */ = {isa = PBXBuildFile; fileRef = EF0000000000000000000104 /* SFTP Pro/Files/FileMenuButtonView.swift */; };
		EF0000000000000000000205 /* SFTP Pro/Design/WorkspaceTheme.swift in Sources */ = {isa = PBXBuildFile; fileRef = EF0000000000000000000105 /* SFTP Pro/Design/WorkspaceTheme.swift */; };
/* End PBXBuildFile section */

/* Begin PBXFileReference section */
		000000000000000000000120 /* SFTP Pro.app */ = {isa = PBXFileReference; explicitFileType = wrapper.application; includeInIndex = 0; path = "SFTP Pro.app"; sourceTree = BUILT_PRODUCTS_DIR; };
		DD0000000000000000000001 /* SFTPProTests.xctest */ = {isa = PBXFileReference; explicitFileType = wrapper.cfbundle; includeInIndex = 0; path = SFTPProTests.xctest; sourceTree = BUILT_PRODUCTS_DIR; };
		DD0000000000000000000100 /* SFTP Pro/Connection/CitadelSFTPTransport.swift */ = {isa = PBXFileReference; lastKnownFileType = sourcecode.swift; path = "SFTP Pro/Connection/CitadelSFTPTransport.swift"; sourceTree = SOURCE_ROOT; };
		DD0000000000000000000101 /* SFTP Pro/Connection/ConnectionError.swift */ = {isa = PBXFileReference; lastKnownFileType = sourcecode.swift; path = "SFTP Pro/Connection/ConnectionError.swift"; sourceTree = SOURCE_ROOT; };
		DD0000000000000000000102 /* SFTP Pro/Connection/HostKeyChallenge.swift */ = {isa = PBXFileReference; lastKnownFileType = sourcecode.swift; path = "SFTP Pro/Connection/HostKeyChallenge.swift"; sourceTree = SOURCE_ROOT; };
		DD0000000000000000000103 /* SFTP Pro/Connection/HostKeyTrustStore.swift */ = {isa = PBXFileReference; lastKnownFileType = sourcecode.swift; path = "SFTP Pro/Connection/HostKeyTrustStore.swift"; sourceTree = SOURCE_ROOT; };
		DD0000000000000000000104 /* SFTP Pro/Connection/RemoteFileHandle.swift */ = {isa = PBXFileReference; lastKnownFileType = sourcecode.swift; path = "SFTP Pro/Connection/RemoteFileHandle.swift"; sourceTree = SOURCE_ROOT; };
		DD0000000000000000000105 /* SFTP Pro/Connection/SFTPConnectionError.swift */ = {isa = PBXFileReference; lastKnownFileType = sourcecode.swift; path = "SFTP Pro/Connection/SFTPConnectionError.swift"; sourceTree = SOURCE_ROOT; };
		DD0000000000000000000106 /* SFTP Pro/Connection/SFTPSession.swift */ = {isa = PBXFileReference; lastKnownFileType = sourcecode.swift; path = "SFTP Pro/Connection/SFTPSession.swift"; sourceTree = SOURCE_ROOT; };
		DD0000000000000000000107 /* SFTP Pro/Connection/SFTPTransport.swift */ = {isa = PBXFileReference; lastKnownFileType = sourcecode.swift; path = "SFTP Pro/Connection/SFTPTransport.swift"; sourceTree = SOURCE_ROOT; };
		DD0000000000000000000108 /* SFTP Pro/Connection/ServerKeyValidator.swift */ = {isa = PBXFileReference; lastKnownFileType = sourcecode.swift; path = "SFTP Pro/Connection/ServerKeyValidator.swift"; sourceTree = SOURCE_ROOT; };
		DD0000000000000000000109 /* SFTP Pro/Connection/TransferDiskFile.swift */ = {isa = PBXFileReference; lastKnownFileType = sourcecode.swift; path = "SFTP Pro/Connection/TransferDiskFile.swift"; sourceTree = SOURCE_ROOT; };
		DD000000000000000000010A /* SFTP Pro/Connection/TransferGate.swift */ = {isa = PBXFileReference; lastKnownFileType = sourcecode.swift; path = "SFTP Pro/Connection/TransferGate.swift"; sourceTree = SOURCE_ROOT; };
		DD000000000000000000010B /* SFTP Pro/Connection/TransferPipeline.swift */ = {isa = PBXFileReference; lastKnownFileType = sourcecode.swift; path = "SFTP Pro/Connection/TransferPipeline.swift"; sourceTree = SOURCE_ROOT; };
		DD000000000000000000010C /* SFTP Pro/Files/RemoteFile.swift */ = {isa = PBXFileReference; lastKnownFileType = sourcecode.swift; path = "SFTP Pro/Files/RemoteFile.swift"; sourceTree = SOURCE_ROOT; };
		DD000000000000000000010D /* SFTP Pro/Hosts/Host.swift */ = {isa = PBXFileReference; lastKnownFileType = sourcecode.swift; path = "SFTP Pro/Hosts/Host.swift"; sourceTree = SOURCE_ROOT; };
		EE0000000000000000000100 /* SFTP Pro/Hosts/HostStore.swift */ = {isa = PBXFileReference; lastKnownFileType = sourcecode.swift; path = "SFTP Pro/Hosts/HostStore.swift"; sourceTree = SOURCE_ROOT; };
		EE0000000000000000000101 /* SFTP Pro/Hosts/KeychainHostData.swift */ = {isa = PBXFileReference; lastKnownFileType = sourcecode.swift; path = "SFTP Pro/Hosts/KeychainHostData.swift"; sourceTree = SOURCE_ROOT; };
		EE0000000000000000000102 /* SFTP Pro/Hosts/KeychainStoreError.swift */ = {isa = PBXFileReference; lastKnownFileType = sourcecode.swift; path = "SFTP Pro/Hosts/KeychainStoreError.swift"; sourceTree = SOURCE_ROOT; };
		EE0000000000000000000103 /* SFTP Pro/Connection/SSHNegotiationLogger.swift */ = {isa = PBXFileReference; lastKnownFileType = sourcecode.swift; path = "SFTP Pro/Connection/SSHNegotiationLogger.swift"; sourceTree = SOURCE_ROOT; };
		EF0000000000000000000100 /* SFTP Pro/Files/FileActionsModel.swift */ = {isa = PBXFileReference; lastKnownFileType = sourcecode.swift; path = "SFTP Pro/Files/FileActionsModel.swift"; sourceTree = SOURCE_ROOT; };
		EF0000000000000000000101 /* SFTP Pro/Files/FileActionError.swift */ = {isa = PBXFileReference; lastKnownFileType = sourcecode.swift; path = "SFTP Pro/Files/FileActionError.swift"; sourceTree = SOURCE_ROOT; };
		EF0000000000000000000102 /* SFTP Pro/Files/FileMenuAction.swift */ = {isa = PBXFileReference; lastKnownFileType = sourcecode.swift; path = "SFTP Pro/Files/FileMenuAction.swift"; sourceTree = SOURCE_ROOT; };
		EF0000000000000000000103 /* SFTP Pro/Files/FileContextMenuView.swift */ = {isa = PBXFileReference; lastKnownFileType = sourcecode.swift; path = "SFTP Pro/Files/FileContextMenuView.swift"; sourceTree = SOURCE_ROOT; };
		EF0000000000000000000104 /* SFTP Pro/Files/FileMenuButtonView.swift */ = {isa = PBXFileReference; lastKnownFileType = sourcecode.swift; path = "SFTP Pro/Files/FileMenuButtonView.swift"; sourceTree = SOURCE_ROOT; };
		EF0000000000000000000105 /* SFTP Pro/Design/WorkspaceTheme.swift */ = {isa = PBXFileReference; lastKnownFileType = sourcecode.swift; path = "SFTP Pro/Design/WorkspaceTheme.swift"; sourceTree = SOURCE_ROOT; };
		F34FB25C304E1C7400F7829B /* README.md */ = {isa = PBXFileReference; lastKnownFileType = net.daringfireball.markdown; path = README.md; sourceTree = "<group>"; };
/* End PBXFileReference section */

/* Begin PBXFileSystemSynchronizedRootGroup section */
		000000000000000000000010 /* SFTP Pro */ = {
			isa = PBXFileSystemSynchronizedRootGroup;
			path = "SFTP Pro";
			sourceTree = "<group>";
		};
		DD0000000000000000000002 /* Tests */ = {
			isa = PBXFileSystemSynchronizedRootGroup;
			path = Tests;
			sourceTree = "<group>";
		};
/* End PBXFileSystemSynchronizedRootGroup section */

/* Begin PBXFrameworksBuildPhase section */
		000000000000000130000000 /* Frameworks */ = {
			isa = PBXFrameworksBuildPhase;
			files = (
				CC0000000000000000000004 /* NIOPosix in Frameworks */,
				CC0000000000000000000000 /* Citadel in Frameworks */,
				CC0000000000000000000001 /* NIOCore in Frameworks */,
				CC0000000000000000000002 /* NIOSSH in Frameworks */,
			);
		};
		DD0000000000000000000005 /* Frameworks */ = {
			isa = PBXFrameworksBuildPhase;
			files = (
				CC0000000000000000000005 /* NIOPosix in Frameworks */,
				DD0000000000000000000030 /* Citadel in Frameworks */,
				DD0000000000000000000031 /* NIOCore in Frameworks */,
				DD0000000000000000000032 /* NIOSSH in Frameworks */,
			);
		};
/* End PBXFrameworksBuildPhase section */

/* Begin PBXGroup section */
		000000000000000000000001 = {
			isa = PBXGroup;
			children = (
				F34FB25C304E1C7400F7829B /* README.md */,
				000000000000000000000010 /* SFTP Pro */,
				DD0000000000000000000002 /* Tests */,
				000000000000000000000020 /* Products */,
				F34FB25D304E1E5300F7829B /* Recovered References */,
			);
			sourceTree = "<group>";
		};
		000000000000000000000020 /* Products */ = {
			isa = PBXGroup;
			children = (
				000000000000000000000120 /* SFTP Pro.app */,
				DD0000000000000000000001 /* SFTPProTests.xctest */,
			);
			name = Products;
			sourceTree = "<group>";
		};
		F34FB25D304E1E5300F7829B /* Recovered References */ = {
			isa = PBXGroup;
			children = (
				DD0000000000000000000100 /* SFTP Pro/Connection/CitadelSFTPTransport.swift */,
				DD0000000000000000000101 /* SFTP Pro/Connection/ConnectionError.swift */,
				DD0000000000000000000102 /* SFTP Pro/Connection/HostKeyChallenge.swift */,
				DD0000000000000000000103 /* SFTP Pro/Connection/HostKeyTrustStore.swift */,
				DD0000000000000000000104 /* SFTP Pro/Connection/RemoteFileHandle.swift */,
				DD0000000000000000000105 /* SFTP Pro/Connection/SFTPConnectionError.swift */,
				DD0000000000000000000106 /* SFTP Pro/Connection/SFTPSession.swift */,
				DD0000000000000000000107 /* SFTP Pro/Connection/SFTPTransport.swift */,
				DD0000000000000000000108 /* SFTP Pro/Connection/ServerKeyValidator.swift */,
				DD0000000000000000000109 /* SFTP Pro/Connection/TransferDiskFile.swift */,
				DD000000000000000000010A /* SFTP Pro/Connection/TransferGate.swift */,
				DD000000000000000000010B /* SFTP Pro/Connection/TransferPipeline.swift */,
				DD000000000000000000010C /* SFTP Pro/Files/RemoteFile.swift */,
				DD000000000000000000010D /* SFTP Pro/Hosts/Host.swift */,
				EE0000000000000000000103 /* SFTP Pro/Connection/SSHNegotiationLogger.swift */,
				EE0000000000000000000100 /* SFTP Pro/Hosts/HostStore.swift */,
				EE0000000000000000000101 /* SFTP Pro/Hosts/KeychainHostData.swift */,
				EE0000000000000000000102 /* SFTP Pro/Hosts/KeychainStoreError.swift */,
				EF0000000000000000000105 /* SFTP Pro/Design/WorkspaceTheme.swift */,
				EF0000000000000000000104 /* SFTP Pro/Files/FileMenuButtonView.swift */,
				EF0000000000000000000103 /* SFTP Pro/Files/FileContextMenuView.swift */,
				EF0000000000000000000102 /* SFTP Pro/Files/FileMenuAction.swift */,
				EF0000000000000000000101 /* SFTP Pro/Files/FileActionError.swift */,
				EF0000000000000000000100 /* SFTP Pro/Files/FileActionsModel.swift */,
			);
			name = "Recovered References";
			sourceTree = "<group>";
		};
/* End PBXGroup section */

/* Begin PBXNativeTarget section */
		000000000000000100000000 /* SFTP Pro */ = {
			isa = PBXNativeTarget;
			buildConfigurationList = 000000000000000110000000 /* Build configuration list for PBXNativeTarget "SFTP Pro" */;
			buildPhases = (
				000000000000000120000000 /* Sources */,
				000000000000000130000000 /* Frameworks */,
				000000000000000140000000 /* Resources */,
			);
			buildRules = (
			);
			fileSystemSynchronizedGroups = (
				000000000000000000000010 /* SFTP Pro */,
			);
			name = "SFTP Pro";
			packageProductDependencies = (
				AA0000000000000000000004 /* NIOPosix */,
				AA0000000000000000000000 /* Citadel */,
				AA0000000000000000000001 /* NIOCore */,
				AA0000000000000000000002 /* NIOSSH */,
			);
			productName = MyApp;
			productReference = 000000000000000000000120 /* SFTP Pro.app */;
			productType = "com.apple.product-type.application";
		};
		DD0000000000000000000009 /* SFTPProTests */ = {
			isa = PBXNativeTarget;
			buildConfigurationList = DD0000000000000000000008 /* Build configuration list for PBXNativeTarget "SFTPProTests" */;
			buildPhases = (
				DD0000000000000000000004 /* Sources */,
				DD0000000000000000000005 /* Frameworks */,
			);
			buildRules = (
			);
			fileSystemSynchronizedGroups = (
				DD0000000000000000000002 /* Tests */,
			);
			name = SFTPProTests;
			packageProductDependencies = (
				AA0000000000000000000005 /* NIOPosix */,
				DD0000000000000000000020 /* Citadel */,
				DD0000000000000000000021 /* NIOCore */,
				DD0000000000000000000022 /* NIOSSH */,
			);
			productName = SFTPProTests;
			productReference = DD0000000000000000000001 /* SFTPProTests.xctest */;
			productType = "com.apple.product-type.bundle.unit-test";
		};
/* End PBXNativeTarget section */

/* Begin PBXProject section */
		000000000000000000000000 /* Project object */ = {
			isa = PBXProject;
			attributes = {
				BuildIndependentTargetsInParallel = 1;
				LastSwiftUpdateCheck = 2630;
				LastUpgradeCheck = 2700;
				TargetAttributes = {
					000000000000000100000000 = {
						CreatedOnToolsVersion = 26.3;
					};
				};
			};
			buildConfigurationList = 000000000000000010000000 /* Build configuration list for PBXProject "SFTP Pro" */;
			developmentRegion = en;
			hasScannedForEncodings = 0;
			knownRegions = (
				en,
				Base,
			);
			mainGroup = 000000000000000000000001;
			minimizedProjectReferenceProxies = 1;
			packageReferences = (
				BB0000000000000000000000 /* XCRemoteSwiftPackageReference "Citadel" */,
				BB0000000000000000000001 /* XCRemoteSwiftPackageReference "swift-nio" */,
				BB0000000000000000000002 /* XCRemoteSwiftPackageReference "swift-nio-ssh" */,
			);
			preferredProjectObjectVersion = 100;
			productRefGroup = 000000000000000000000020 /* Products */;
			projectDirPath = "";
			projectRoot = "";
			targets = (
				DD0000000000000000000009 /* SFTPProTests */,
				000000000000000100000000 /* SFTP Pro */,
			);
		};
/* End PBXProject section */

/* Begin PBXResourcesBuildPhase section */
		000000000000000140000000 /* Resources */ = {
			isa = PBXResourcesBuildPhase;
			files = (
			);
		};
/* End PBXResourcesBuildPhase section */

/* Begin PBXSourcesBuildPhase section */
		000000000000000120000000 /* Sources */ = {
			isa = PBXSourcesBuildPhase;
			files = (
			);
		};
		DD0000000000000000000004 /* Sources */ = {
			isa = PBXSourcesBuildPhase;
			files = (
				EE0000000000000000000203 /* SFTP Pro/Connection/SSHNegotiationLogger.swift in Sources */,
				EE0000000000000000000200 /* SFTP Pro/Hosts/HostStore.swift in Sources */,
				EE0000000000000000000201 /* SFTP Pro/Hosts/KeychainHostData.swift in Sources */,
				EE0000000000000000000202 /* SFTP Pro/Hosts/KeychainStoreError.swift in Sources */,
				DD0000000000000000000200 /* SFTP Pro/Connection/CitadelSFTPTransport.swift in Sources */,
				DD0000000000000000000201 /* SFTP Pro/Connection/ConnectionError.swift in Sources */,
				DD0000000000000000000202 /* SFTP Pro/Connection/HostKeyChallenge.swift in Sources */,
				DD0000000000000000000203 /* SFTP Pro/Connection/HostKeyTrustStore.swift in Sources */,
				DD0000000000000000000204 /* SFTP Pro/Connection/RemoteFileHandle.swift in Sources */,
				DD0000000000000000000205 /* SFTP Pro/Connection/SFTPConnectionError.swift in Sources */,
				DD0000000000000000000206 /* SFTP Pro/Connection/SFTPSession.swift in Sources */,
				DD0000000000000000000207 /* SFTP Pro/Connection/SFTPTransport.swift in Sources */,
				DD0000000000000000000208 /* SFTP Pro/Connection/ServerKeyValidator.swift in Sources */,
				DD0000000000000000000209 /* SFTP Pro/Connection/TransferDiskFile.swift in Sources */,
				DD000000000000000000020A /* SFTP Pro/Connection/TransferGate.swift in Sources */,
				DD000000000000000000020B /* SFTP Pro/Connection/TransferPipeline.swift in Sources */,
				DD000000000000000000020C /* SFTP Pro/Files/RemoteFile.swift in Sources */,
				DD000000000000000000020D /* SFTP Pro/Hosts/Host.swift in Sources */,
				EF0000000000000000000205 /* SFTP Pro/Design/WorkspaceTheme.swift in Sources */,
				EF0000000000000000000204 /* SFTP Pro/Files/FileMenuButtonView.swift in Sources */,
				EF0000000000000000000203 /* SFTP Pro/Files/FileContextMenuView.swift in Sources */,
				EF0000000000000000000202 /* SFTP Pro/Files/FileMenuAction.swift in Sources */,
				EF0000000000000000000201 /* SFTP Pro/Files/FileActionError.swift in Sources */,
				EF0000000000000000000200 /* SFTP Pro/Files/FileActionsModel.swift in Sources */,
			);
		};
/* End PBXSourcesBuildPhase section */

/* Begin XCBuildConfiguration section */
		000000000000000011000000 /* Debug configuration for PBXProject "SFTP Pro" */ = {
			isa = XCBuildConfiguration;
			buildSettings = {
				ALWAYS_SEARCH_USER_PATHS = NO;
				APPLETVOS_DEPLOYMENT_TARGET = 27.0;
				ASSETCATALOG_COMPILER_GENERATE_SWIFT_ASSET_SYMBOL_EXTENSIONS = YES;
				CLANG_ANALYZER_NONNULL = YES;
				CLANG_ANALYZER_NUMBER_OBJECT_CONVERSION = YES_AGGRESSIVE;
				CLANG_CXX_LANGUAGE_STANDARD = "gnu++20";
				CLANG_ENABLE_MODULES = YES;
				CLANG_ENABLE_OBJC_ARC = YES;
				CLANG_ENABLE_OBJC_WEAK = YES;
				CLANG_WARN_BLOCK_CAPTURE_AUTORELEASING = YES;
				CLANG_WARN_BOOL_CONVERSION = YES;
				CLANG_WARN_COMMA = YES;
				CLANG_WARN_CONSTANT_CONVERSION = YES;
				CLANG_WARN_DEPRECATED_OBJC_IMPLEMENTATIONS = YES;
				CLANG_WARN_DIRECT_OBJC_ISA_USAGE = YES_ERROR;
				CLANG_WARN_DOCUMENTATION_COMMENTS = YES;
				CLANG_WARN_EMPTY_BODY = YES;
				CLANG_WARN_ENUM_CONVERSION = YES;
				CLANG_WARN_INFINITE_RECURSION = YES;
				CLANG_WARN_INT_CONVERSION = YES;
				CLANG_WARN_NON_LITERAL_NULL_CONVERSION = YES;
				CLANG_WARN_OBJC_IMPLICIT_RETAIN_SELF = YES;
				CLANG_WARN_OBJC_LITERAL_CONVERSION = YES;
				CLANG_WARN_OBJC_ROOT_CLASS = YES_ERROR;
				CLANG_WARN_QUOTED_INCLUDE_IN_FRAMEWORK_HEADER = YES;
				CLANG_WARN_RANGE_LOOP_ANALYSIS = YES;
				CLANG_WARN_STRICT_PROTOTYPES = YES;
				CLANG_WARN_SUSPICIOUS_MOVE = YES;
				CLANG_WARN_UNGUARDED_AVAILABILITY = YES_AGGRESSIVE;
				CLANG_WARN_UNREACHABLE_CODE = YES;
				CLANG_WARN__DUPLICATE_METHOD_MATCH = YES;
				COPY_PHASE_STRIP = NO;
				DEAD_CODE_STRIPPING = YES;
				DEBUG_INFORMATION_FORMAT = dwarf;
				DRIVERKIT_DEPLOYMENT_TARGET = 27.0;
				ENABLE_STRICT_OBJC_MSGSEND = YES;
				ENABLE_TESTABILITY = YES;
				ENABLE_USER_SCRIPT_SANDBOXING = YES;
				GCC_C_LANGUAGE_STANDARD = gnu17;
				GCC_DYNAMIC_NO_PIC = NO;
				GCC_NO_COMMON_BLOCKS = YES;
				GCC_OPTIMIZATION_LEVEL = 0;
				GCC_PREPROCESSOR_DEFINITIONS = (
					"DEBUG=1",
					"$(inherited)",
				);
				GCC_WARN_64_TO_32_BIT_CONVERSION = YES;
				GCC_WARN_ABOUT_RETURN_TYPE = YES_ERROR;
				GCC_WARN_UNDECLARED_SELECTOR = YES;
				GCC_WARN_UNINITIALIZED_AUTOS = YES_AGGRESSIVE;
				GCC_WARN_UNUSED_FUNCTION = YES;
				GCC_WARN_UNUSED_VARIABLE = YES;
				IPHONEOS_DEPLOYMENT_TARGET = 27.0;
				LOCALIZATION_PREFERS_STRING_CATALOGS = YES;
				MACOSX_DEPLOYMENT_TARGET = 27.0;
				MTL_ENABLE_DEBUG_INFO = INCLUDE_SOURCE;
				MTL_FAST_MATH = YES;
				ONLY_ACTIVE_ARCH = YES;
				PROJECT_UNIQUE_VALUE = ZZQ3635K;
				STRING_CATALOG_GENERATE_SYMBOLS = YES;
				SWIFT_ACTIVE_COMPILATION_CONDITIONS = "DEBUG $(inherited)";
				SWIFT_OPTIMIZATION_LEVEL = "-Onone";
				WATCHOS_DEPLOYMENT_TARGET = 27.0;
				XROS_DEPLOYMENT_TARGET = 27.0;
			};
			name = Debug;
		};
		000000000000000012000000 /* Release configuration for PBXProject "SFTP Pro" */ = {
			isa = XCBuildConfiguration;
			buildSettings = {
				ALWAYS_SEARCH_USER_PATHS = NO;
				APPLETVOS_DEPLOYMENT_TARGET = 27.0;
				ASSETCATALOG_COMPILER_GENERATE_SWIFT_ASSET_SYMBOL_EXTENSIONS = YES;
				CLANG_ANALYZER_NONNULL = YES;
				CLANG_ANALYZER_NUMBER_OBJECT_CONVERSION = YES_AGGRESSIVE;
				CLANG_CXX_LANGUAGE_STANDARD = "gnu++20";
				CLANG_ENABLE_MODULES = YES;
				CLANG_ENABLE_OBJC_ARC = YES;
				CLANG_ENABLE_OBJC_WEAK = YES;
				CLANG_WARN_BLOCK_CAPTURE_AUTORELEASING = YES;
				CLANG_WARN_BOOL_CONVERSION = YES;
				CLANG_WARN_COMMA = YES;
				CLANG_WARN_CONSTANT_CONVERSION = YES;
				CLANG_WARN_DEPRECATED_OBJC_IMPLEMENTATIONS = YES;
				CLANG_WARN_DIRECT_OBJC_ISA_USAGE = YES_ERROR;
				CLANG_WARN_DOCUMENTATION_COMMENTS = YES;
				CLANG_WARN_EMPTY_BODY = YES;
				CLANG_WARN_ENUM_CONVERSION = YES;
				CLANG_WARN_INFINITE_RECURSION = YES;
				CLANG_WARN_INT_CONVERSION = YES;
				CLANG_WARN_NON_LITERAL_NULL_CONVERSION = YES;
				CLANG_WARN_OBJC_IMPLICIT_RETAIN_SELF = YES;
				CLANG_WARN_OBJC_LITERAL_CONVERSION = YES;
				CLANG_WARN_OBJC_ROOT_CLASS = YES_ERROR;
				CLANG_WARN_QUOTED_INCLUDE_IN_FRAMEWORK_HEADER = YES;
				CLANG_WARN_RANGE_LOOP_ANALYSIS = YES;
				CLANG_WARN_STRICT_PROTOTYPES = YES;
				CLANG_WARN_SUSPICIOUS_MOVE = YES;
				CLANG_WARN_UNGUARDED_AVAILABILITY = YES_AGGRESSIVE;
				CLANG_WARN_UNREACHABLE_CODE = YES;
				CLANG_WARN__DUPLICATE_METHOD_MATCH = YES;
				COPY_PHASE_STRIP = NO;
				DEAD_CODE_STRIPPING = YES;
				DEBUG_INFORMATION_FORMAT = "dwarf-with-dsym";
				DRIVERKIT_DEPLOYMENT_TARGET = 27.0;
				ENABLE_NS_ASSERTIONS = NO;
				ENABLE_STRICT_OBJC_MSGSEND = YES;
				ENABLE_USER_SCRIPT_SANDBOXING = YES;
				GCC_C_LANGUAGE_STANDARD = gnu17;
				GCC_NO_COMMON_BLOCKS = YES;
				GCC_WARN_64_TO_32_BIT_CONVERSION = YES;
				GCC_WARN_ABOUT_RETURN_TYPE = YES_ERROR;
				GCC_WARN_UNDECLARED_SELECTOR = YES;
				GCC_WARN_UNINITIALIZED_AUTOS = YES_AGGRESSIVE;
				GCC_WARN_UNUSED_FUNCTION = YES;
				GCC_WARN_UNUSED_VARIABLE = YES;
				IPHONEOS_DEPLOYMENT_TARGET = 27.0;
				LOCALIZATION_PREFERS_STRING_CATALOGS = YES;
				MACOSX_DEPLOYMENT_TARGET = 27.0;
				MTL_ENABLE_DEBUG_INFO = NO;
				MTL_FAST_MATH = YES;
				PROJECT_UNIQUE_VALUE = ZZQ3635K;
				STRING_CATALOG_GENERATE_SYMBOLS = YES;
				SWIFT_COMPILATION_MODE = wholemodule;
				WATCHOS_DEPLOYMENT_TARGET = 27.0;
				XROS_DEPLOYMENT_TARGET = 27.0;
			};
			name = Release;
		};
		000000000000000111000000 /* Debug configuration for PBXNativeTarget "SFTP Pro" */ = {
			isa = XCBuildConfiguration;
			buildSettings = {
				CODE_SIGN_STYLE = Automatic;
				CURRENT_PROJECT_VERSION = 1;
				DEVELOPMENT_TEAM = 8FQUA2F388;
				ENABLE_APP_SANDBOX = YES;
				ENABLE_OUTGOING_NETWORK_CONNECTIONS = YES;
				ENABLE_PREVIEWS = YES;
				ENABLE_USER_SELECTED_FILES = readwrite;
				GENERATE_INFOPLIST_FILE = YES;
				INFOPLIST_KEY_NSLocalNetworkUsageDescription = "Connect to SFTP servers on your local network";
				"INFOPLIST_KEY_UIApplicationSceneManifest_Generation[sdk=iphoneos*]" = YES;
				"INFOPLIST_KEY_UIApplicationSceneManifest_Generation[sdk=iphonesimulator*]" = YES;
				"INFOPLIST_KEY_UIApplicationSupportsIndirectInputEvents[sdk=iphoneos*]" = YES;
				"INFOPLIST_KEY_UIApplicationSupportsIndirectInputEvents[sdk=iphonesimulator*]" = YES;
				"INFOPLIST_KEY_UILaunchScreen_Generation[sdk=iphoneos*]" = YES;
				"INFOPLIST_KEY_UILaunchScreen_Generation[sdk=iphonesimulator*]" = YES;
				"INFOPLIST_KEY_UIStatusBarStyle[sdk=iphoneos*]" = UIStatusBarStyleDefault;
				"INFOPLIST_KEY_UIStatusBarStyle[sdk=iphonesimulator*]" = UIStatusBarStyleDefault;
				INFOPLIST_KEY_UISupportedInterfaceOrientations_iPad = "UIInterfaceOrientationPortrait UIInterfaceOrientationPortraitUpsideDown UIInterfaceOrientationLandscapeLeft UIInterfaceOrientationLandscapeRight";
				INFOPLIST_KEY_UISupportedInterfaceOrientations_iPhone = "UIInterfaceOrientationPortrait UIInterfaceOrientationLandscapeLeft UIInterfaceOrientationLandscapeRight";
				LD_RUNPATH_SEARCH_PATHS = "@executable_path/Frameworks";
				"LD_RUNPATH_SEARCH_PATHS[sdk=macosx*]" = "@executable_path/../Frameworks";
				LM_SKIP_METADATA_EXTRACTION = YES;
				MARKETING_VERSION = 1.0;
				PRODUCT_BUNDLE_IDENTIFIER = "devplaceholder.$(PROJECT_UNIQUE_VALUE:identifier).$(PRODUCT_NAME:rfc1034identifier)";
				PRODUCT_NAME = "$(TARGET_NAME)";
				REGISTER_APP_GROUPS = YES;
				SDKROOT = auto;
				STRING_CATALOG_GENERATE_SYMBOLS = YES;
				SUPPORTED_PLATFORMS = "iphoneos iphonesimulator macosx xros xrsimulator";
				SWIFT_APPROACHABLE_CONCURRENCY = YES;
				SWIFT_DEFAULT_ACTOR_ISOLATION = MainActor;
				SWIFT_EMIT_LOC_STRINGS = YES;
				SWIFT_UPCOMING_FEATURE_MEMBER_IMPORT_VISIBILITY = YES;
				SWIFT_VERSION = 6.0;
				TARGETED_DEVICE_FAMILY = "1,2,7";
			};
			name = Debug;
		};
		000000000000000112000000 /* Release configuration for PBXNativeTarget "SFTP Pro" */ = {
			isa = XCBuildConfiguration;
			buildSettings = {
				CODE_SIGN_STYLE = Automatic;
				CURRENT_PROJECT_VERSION = 1;
				DEVELOPMENT_TEAM = 8FQUA2F388;
				ENABLE_APP_SANDBOX = YES;
				ENABLE_OUTGOING_NETWORK_CONNECTIONS = YES;
				ENABLE_PREVIEWS = YES;
				ENABLE_USER_SELECTED_FILES = readwrite;
				GENERATE_INFOPLIST_FILE = YES;
				INFOPLIST_KEY_NSLocalNetworkUsageDescription = "Connect to SFTP servers on your local network";
				"INFOPLIST_KEY_UIApplicationSceneManifest_Generation[sdk=iphoneos*]" = YES;
				"INFOPLIST_KEY_UIApplicationSceneManifest_Generation[sdk=iphonesimulator*]" = YES;
				"INFOPLIST_KEY_UIApplicationSupportsIndirectInputEvents[sdk=iphoneos*]" = YES;
				"INFOPLIST_KEY_UIApplicationSupportsIndirectInputEvents[sdk=iphonesimulator*]" = YES;
				"INFOPLIST_KEY_UILaunchScreen_Generation[sdk=iphoneos*]" = YES;
				"INFOPLIST_KEY_UILaunchScreen_Generation[sdk=iphonesimulator*]" = YES;
				"INFOPLIST_KEY_UIStatusBarStyle[sdk=iphoneos*]" = UIStatusBarStyleDefault;
				"INFOPLIST_KEY_UIStatusBarStyle[sdk=iphonesimulator*]" = UIStatusBarStyleDefault;
				INFOPLIST_KEY_UISupportedInterfaceOrientations_iPad = "UIInterfaceOrientationPortrait UIInterfaceOrientationPortraitUpsideDown UIInterfaceOrientationLandscapeLeft UIInterfaceOrientationLandscapeRight";
				INFOPLIST_KEY_UISupportedInterfaceOrientations_iPhone = "UIInterfaceOrientationPortrait UIInterfaceOrientationLandscapeLeft UIInterfaceOrientationLandscapeRight";
				LD_RUNPATH_SEARCH_PATHS = "@executable_path/Frameworks";
				"LD_RUNPATH_SEARCH_PATHS[sdk=macosx*]" = "@executable_path/../Frameworks";
				LM_SKIP_METADATA_EXTRACTION = YES;
				MARKETING_VERSION = 1.0;
				PRODUCT_BUNDLE_IDENTIFIER = "devplaceholder.$(PROJECT_UNIQUE_VALUE:identifier).$(PRODUCT_NAME:rfc1034identifier)";
				PRODUCT_NAME = "$(TARGET_NAME)";
				REGISTER_APP_GROUPS = YES;
				SDKROOT = auto;
				STRING_CATALOG_GENERATE_SYMBOLS = YES;
				SUPPORTED_PLATFORMS = "iphoneos iphonesimulator macosx xros xrsimulator";
				SWIFT_APPROACHABLE_CONCURRENCY = YES;
				SWIFT_DEFAULT_ACTOR_ISOLATION = MainActor;
				SWIFT_EMIT_LOC_STRINGS = YES;
				SWIFT_UPCOMING_FEATURE_MEMBER_IMPORT_VISIBILITY = YES;
				SWIFT_VERSION = 6.0;
				TARGETED_DEVICE_FAMILY = "1,2,7";
			};
			name = Release;
		};
		DD0000000000000000000006 /* Debug configuration for PBXNativeTarget "SFTPProTests" */ = {
			isa = XCBuildConfiguration;
			buildSettings = {
				CODE_SIGN_STYLE = Automatic;
				DEVELOPMENT_TEAM = 8FQUA2F388;
				GENERATE_INFOPLIST_FILE = YES;
				LD_RUNPATH_SEARCH_PATHS = (
					"$(inherited)",
					"@loader_path/../Frameworks",
					"@executable_path/../Frameworks",
				);
				LM_SKIP_METADATA_EXTRACTION = YES;
				MACOSX_DEPLOYMENT_TARGET = 27;
				PRODUCT_BUNDLE_IDENTIFIER = devplaceholder.SFTPProTests;
				PRODUCT_NAME = "$(TARGET_NAME)";
				SDKROOT = macosx;
				SUPPORTED_PLATFORMS = macosx;
				SWIFT_VERSION = 6.0;
			};
			name = Debug;
		};
		DD0000000000000000000007 /* Release configuration for PBXNativeTarget "SFTPProTests" */ = {
			isa = XCBuildConfiguration;
			buildSettings = {
				CODE_SIGN_STYLE = Automatic;
				DEVELOPMENT_TEAM = 8FQUA2F388;
				GENERATE_INFOPLIST_FILE = YES;
				LD_RUNPATH_SEARCH_PATHS = (
					"$(inherited)",
					"@loader_path/../Frameworks",
					"@executable_path/../Frameworks",
				);
				LM_SKIP_METADATA_EXTRACTION = YES;
				MACOSX_DEPLOYMENT_TARGET = 27;
				PRODUCT_BUNDLE_IDENTIFIER = devplaceholder.SFTPProTests;
				PRODUCT_NAME = "$(TARGET_NAME)";
				SDKROOT = macosx;
				SUPPORTED_PLATFORMS = macosx;
				SWIFT_VERSION = 6.0;
			};
			name = Release;
		};
/* End XCBuildConfiguration section */

/* Begin XCConfigurationList section */
		000000000000000010000000 /* Build configuration list for PBXProject "SFTP Pro" */ = {
			isa = XCConfigurationList;
			buildConfigurations = (
				000000000000000011000000 /* Debug configuration for PBXProject "SFTP Pro" */,
				000000000000000012000000 /* Release configuration for PBXProject "SFTP Pro" */,
			);
			defaultConfigurationName = Release;
		};
		000000000000000110000000 /* Build configuration list for PBXNativeTarget "SFTP Pro" */ = {
			isa = XCConfigurationList;
			buildConfigurations = (
				000000000000000111000000 /* Debug configuration for PBXNativeTarget "SFTP Pro" */,
				000000000000000112000000 /* Release configuration for PBXNativeTarget "SFTP Pro" */,
			);
			defaultConfigurationName = Release;
		};
		DD0000000000000000000008 /* Build configuration list for PBXNativeTarget "SFTPProTests" */ = {
			isa = XCConfigurationList;
			buildConfigurations = (
				DD0000000000000000000006 /* Debug configuration for PBXNativeTarget "SFTPProTests" */,
				DD0000000000000000000007 /* Release configuration for PBXNativeTarget "SFTPProTests" */,
			);
			defaultConfigurationName = Release;
		};
/* End XCConfigurationList section */

/* Begin XCRemoteSwiftPackageReference section */
		BB0000000000000000000000 /* XCRemoteSwiftPackageReference "Citadel" */ = {
			isa = XCRemoteSwiftPackageReference;
			repositoryURL = "https://github.com/orlandos-nl/Citadel.git";
			requirement = {
				kind = exactVersion;
				version = 0.12.1;
			};
		};
		BB0000000000000000000001 /* XCRemoteSwiftPackageReference "swift-nio" */ = {
			isa = XCRemoteSwiftPackageReference;
			repositoryURL = "https://github.com/apple/swift-nio.git";
			requirement = {
				kind = upToNextMajorVersion;
				minimumVersion = 2.81.0;
			};
		};
		BB0000000000000000000002 /* XCRemoteSwiftPackageReference "swift-nio-ssh" */ = {
			isa = XCRemoteSwiftPackageReference;
			repositoryURL = "https://github.com/Wellz26/swift-nio-ssh.git";
			requirement = {
				kind = upToNextMinorVersion;
				minimumVersion = 0.3.4;
			};
		};
/* End XCRemoteSwiftPackageReference section */

/* Begin XCSwiftPackageProductDependency section */
		AA0000000000000000000000 /* Citadel */ = {
			isa = XCSwiftPackageProductDependency;
			package = BB0000000000000000000000 /* XCRemoteSwiftPackageReference "Citadel" */;
			productName = Citadel;
		};
		AA0000000000000000000001 /* NIOCore */ = {
			isa = XCSwiftPackageProductDependency;
			package = BB0000000000000000000001 /* XCRemoteSwiftPackageReference "swift-nio" */;
			productName = NIOCore;
		};
		AA0000000000000000000002 /* NIOSSH */ = {
			isa = XCSwiftPackageProductDependency;
			package = BB0000000000000000000002 /* XCRemoteSwiftPackageReference "swift-nio-ssh" */;
			productName = NIOSSH;
		};
		AA0000000000000000000004 /* NIOPosix */ = {
			isa = XCSwiftPackageProductDependency;
			package = BB0000000000000000000001 /* XCRemoteSwiftPackageReference "swift-nio" */;
			productName = NIOPosix;
		};
		AA0000000000000000000005 /* NIOPosix */ = {
			isa = XCSwiftPackageProductDependency;
			package = BB0000000000000000000001 /* XCRemoteSwiftPackageReference "swift-nio" */;
			productName = NIOPosix;
		};
		DD0000000000000000000020 /* Citadel */ = {
			isa = XCSwiftPackageProductDependency;
			package = BB0000000000000000000000 /* XCRemoteSwiftPackageReference "Citadel" */;
			productName = Citadel;
		};
		DD0000000000000000000021 /* NIOCore */ = {
			isa = XCSwiftPackageProductDependency;
			package = BB0000000000000000000001 /* XCRemoteSwiftPackageReference "swift-nio" */;
			productName = NIOCore;
		};
		DD0000000000000000000022 /* NIOSSH */ = {
			isa = XCSwiftPackageProductDependency;
			package = BB0000000000000000000002 /* XCRemoteSwiftPackageReference "swift-nio-ssh" */;
			productName = NIOSSH;
		};
/* End XCSwiftPackageProductDependency section */
	};
	rootObject = 000000000000000000000000 /* Project object */;
}
